<Solution>
  <Folder Name="/samples/">
    <Project Path="samples/MofidEasySdk.Sample/MofidEasySdk.Sample.csproj" />
    <Project Path="samples/MofidEasySdk.WebDemo/MofidEasySdk.WebDemo.csproj" />
  </Folder>
  <Folder Name="/src/">
    <Project Path="src/MofidEasySdk/MofidEasySdk.csproj" />
  </Folder>
  <Folder Name="/tests/">
    <Project Path="tests/MofidEasySdk.Tests/MofidEasySdk.Tests.csproj" />
  </Folder>
</Solution>
